{
  "name": "vm-demo",
  "lockfileVersion": 2,
  "requires": true,
  "packages": {
    "": {
      "dependencies": {
        "@polkadot/types": "^8.10.1"
      }
    },
    "node_modules/@babel/runtime": {
      "version": "7.18.6",
      "resolved": "https://registry.npmjs.org/@babel/runtime/-/runtime-7.18.6.tgz",
      "integrity": "sha512-t9wi7/AW6XtKahAe20Yw0/mMljKq0B1r2fPdvaAdV/KPDZewFXdaaa6K7lxmZBZ8FBNpCiAT6iHPmd6QO9bKfQ==",
      "dependencies": {
        "regenerator-runtime": "^0.13.4"
      },
      "engines": {
        "node": ">=6.9.0"
      }
    },
    "node_modules/@noble/hashes": {
      "version": "1.1.2",
      "resolved": "https://registry.npmjs.org/@noble/hashes/-/hashes-1.1.2.tgz",
      "integrity": "sha512-KYRCASVTv6aeUi1tsF8/vpyR7zpfs3FUzy2Jqm+MU+LmUKhQ0y2FpfwqkCcxSg2ua4GALJd8k2R76WxwZGbQpA==",
      "funding": [
        {
          "type": "individual",
          "url": "https://paulmillr.com/funding/"
        }
      ]
    },
    "node_modules/@noble/secp256k1": {
      "version": "1.6.0",
      "resolved": "https://registry.npmjs.org/@noble/secp256k1/-/secp256k1-1.6.0.tgz",
      "integrity": "sha512-DWSsg8zMHOYMYBqIQi96BQuthZrp98LCeMNcUOaffCIVYQ5yxDbNikLF+H7jEnmNNmXbtVic46iCuVWzar+MgA==",
      "funding": [
        {
          "type": "individual",
          "url": "https://paulmillr.com/funding/"
        }
      ]
    },
    "node_modules/@polkadot/keyring": {
      "version": "9.6.2",
      "resolved": "https://registry.npmjs.org/@polkadot/keyring/-/keyring-9.6.2.tgz",
      "integrity": "sha512-xcFx0m01G4jcYqEPJQQqF7Dn62x180G4TXaBR4iOTrjvNwmxx4PgIXN2DodHezb1dJLNSE0lu89OasID/dNNxA==",
      "dependencies": {
        "@babel/runtime": "^7.18.3",
        "@polkadot/util": "9.6.2",
        "@polkadot/util-crypto": "9.6.2"
      },
      "engines": {
        "node": ">=14.0.0"
      },
      "peerDependencies": {
        "@polkadot/util": "9.6.2",
        "@polkadot/util-crypto": "9.6.2"
      }
    },
    "node_modules/@polkadot/networks": {
      "version": "9.6.2",
      "resolved": "https://registry.npmjs.org/@polkadot/networks/-/networks-9.6.2.tgz",
      "integrity": "sha512-zTQkZGRSvgrj/XH1vUz1y1kZOhxT9qUn3T1BfMclbSBdyb+ugI+KLZhYffzfbl1YkQPyrR4MTpueHK40SjGaHg==",
      "dependencies": {
        "@babel/runtime": "^7.18.3",
        "@polkadot/util": "9.6.2",
        "@substrate/ss58-registry": "^1.22.0"
      },
      "engines": {
        "node": ">=14.0.0"
      }
    },
    "node_modules/@polkadot/types": {
      "version": "8.10.1",
      "resolved": "https://registry.npmjs.org/@polkadot/types/-/types-8.10.1.tgz",
      "integrity": "sha512-ypmaYui+cF8T83X+8vfTPAcTGL+bWuwNWT87+Dodtr486+QeTpvJK/XrkuNIY1NjEHPxFZlQQ9LA62S9S0PFYA==",
      "dependencies": {
        "@babel/runtime": "^7.18.3",
        "@polkadot/keyring": "^9.6.2",
        "@polkadot/types-augment": "8.10.1",
        "@polkadot/types-codec": "8.10.1",
        "@polkadot/types-create": "8.10.1",
        "@polkadot/util": "^9.6.2",
        "@polkadot/util-crypto": "^9.6.2",
        "rxjs": "^7.5.5"
      },
      "engines": {
        "node": ">=14.0.0"
      }
    },
    "node_modules/@polkadot/types-augment": {
      "version": "8.10.1",
      "resolved": "https://registry.npmjs.org/@polkadot/types-augment/-/types-augment-8.10.1.tgz",
      "integrity": "sha512-66TbDON42R0YN22gErJ1Tdg0UTTZyuWebkZe34KpQzOyDNu/gZdeEOM/AsBHhhReURyAbkCB/kBQQtUcCICPyA==",
      "dependencies": {
        "@babel/runtime": "^7.18.3",
        "@polkadot/types": "8.10.1",
        "@polkadot/types-codec": "8.10.1",
        "@polkadot/util": "^9.6.2"
      },
      "engines": {
        "node": ">=14.0.0"
      }
    },
    "node_modules/@polkadot/types-codec": {
      "version": "8.10.1",
      "resolved": "https://registry.npmjs.org/@polkadot/types-codec/-/types-codec-8.10.1.tgz",
      "integrity": "sha512-AgDEjc6Fv/qPhLEqvsTtPQqkWGG3z+nNNEjQuPb0+iLqHY8NUTcd3yib60TnWCnd1+KNZmXZrryKWhpGejYvlA==",
      "dependencies": {
        "@babel/runtime": "^7.18.3",
        "@polkadot/util": "^9.6.2",
        "@polkadot/x-bigint": "^9.6.2"
      },
      "engines": {
        "node": ">=14.0.0"
      }
    },
    "node_modules/@polkadot/types-create": {
      "version": "8.10.1",
      "resolved": "https://registry.npmjs.org/@polkadot/types-create/-/types-create-8.10.1.tgz",
      "integrity": "sha512-frS98PSA6N1yS4R9/wK8dSe3GFZm+rsYAMXms2hEqzvXXVYle7tNO/ckMp2/hfat4L1pGCXStb70lv07oPuX+A==",
      "dependencies": {
        "@babel/runtime": "^7.18.3",
        "@polkadot/types-codec": "8.10.1",
        "@polkadot/util": "^9.6.2"
      },
      "engines": {
        "node": ">=14.0.0"
      }
    },
    "node_modules/@polkadot/util": {
      "version": "9.6.2",
      "resolved": "https://registry.npmjs.org/@polkadot/util/-/util-9.6.2.tgz",
      "integrity": "sha512-ebK46kEsXfzqUgaPVbVOZepHtVJR2qd9FHTLBPcoXR601y6IuqCHkp0hMkrD3Cdi5AWAd0a7h84c1/Oj5q3SnA==",
      "dependencies": {
        "@babel/runtime": "^7.18.3",
        "@polkadot/x-bigint": "9.6.2",
        "@polkadot/x-global": "9.6.2",
        "@polkadot/x-textdecoder": "9.6.2",
        "@polkadot/x-textencoder": "9.6.2",
        "@types/bn.js": "^5.1.0",
        "bn.js": "^5.2.1",
        "ip-regex": "^4.3.0"
      },
      "engines": {
        "node": ">=14.0.0"
      }
    },
    "node_modules/@polkadot/util-crypto": {
      "version": "9.6.2",
      "resolved": "https://registry.npmjs.org/@polkadot/util-crypto/-/util-crypto-9.6.2.tgz",
      "integrity": "sha512-ptr4RnVevjW5Sel3JjLJUaT1YmG04zeof4hddJJuQ/H8S/WIkv4uRgT9lkjw54U/DB+qS44XO/uIGMlR7BtLQg==",
      "dependencies": {
        "@babel/runtime": "^7.18.3",
        "@noble/hashes": "1.1.2",
        "@noble/secp256k1": "1.6.0",
        "@polkadot/networks": "9.6.2",
        "@polkadot/util": "9.6.2",
        "@polkadot/wasm-crypto": "^6.1.5",
        "@polkadot/x-bigint": "9.6.2",
        "@polkadot/x-randomvalues": "9.6.2",
        "@scure/base": "1.1.1",
        "ed2curve": "^0.3.0",
        "tweetnacl": "^1.0.3"
      },
      "engines": {
        "node": ">=14.0.0"
      },
      "peerDependencies": {
        "@polkadot/util": "9.6.2"
      }
    },
    "node_modules/@polkadot/wasm-bridge": {
      "version": "6.1.5",
      "resolved": "https://registry.npmjs.org/@polkadot/wasm-bridge/-/wasm-bridge-6.1.5.tgz",
      "integrity": "sha512-nqxhJQTjw5P3yEY1Cd9g86GvpY/PHD3h74dszaBOg5GVPE53G18AKehb5I8daSpOHVKsItKK1n8xstxZTVI0Hg==",
      "dependencies": {
        "@babel/runtime": "^7.18.3"
      },
      "engines": {
        "node": ">=14.0.0"
      },
      "peerDependencies": {
        "@polkadot/util": "*",
        "@polkadot/x-randomvalues": "*"
      }
    },
    "node_modules/@polkadot/wasm-crypto": {
      "version": "6.1.5",
      "resolved": "https://registry.npmjs.org/@polkadot/wasm-crypto/-/wasm-crypto-6.1.5.tgz",
      "integrity": "sha512-P4MIVE0RJm+Ar0qbOFFtEvA9fkrcmu4KI929k/XiWOqqKuLogwNjZcZiWZYLG7pDIXeHciAy65nIUpV2nr0D+Q==",
      "dependencies": {
        "@babel/runtime": "^7.18.3",
        "@polkadot/wasm-bridge": "6.1.5",
        "@polkadot/wasm-crypto-asmjs": "6.1.5",
        "@polkadot/wasm-crypto-init": "6.1.5",
        "@polkadot/wasm-crypto-wasm": "6.1.5",
        "@polkadot/wasm-util": "6.1.5"
      },
      "engines": {
        "node": ">=14.0.0"
      },
      "peerDependencies": {
        "@polkadot/util": "*"
      }
    },
    "node_modules/@polkadot/wasm-crypto-asmjs": {
      "version": "6.1.5",
      "resolved": "https://registry.npmjs.org/@polkadot/wasm-crypto-asmjs/-/wasm-crypto-asmjs-6.1.5.tgz",
      "integrity": "sha512-GsVIe+fjJ2sHfrjtqSLV0tP6nClF/7/QXZd+BAWomVMCVcR35OIrkNK2giDzlCqaTP+MiCb/UF3phrU4wsHV4Q==",
      "dependencies": {
        "@babel/runtime": "^7.18.3"
      },
      "engines": {
        "node": ">=14.0.0"
      },
      "peerDependencies": {
        "@polkadot/util": "*"
      }
    },
    "node_modules/@polkadot/wasm-crypto-init": {
      "version": "6.1.5",
      "resolved": "https://registry.npmjs.org/@polkadot/wasm-crypto-init/-/wasm-crypto-init-6.1.5.tgz",
      "integrity": "sha512-VkBNc4cEkQ9YWAKLGW2ve2HV56GBHii3Xy4QYV+8OFYiOUbBMDVmuAvjlCjxiwa8nUxLzgCIz0HqqUx2YzxkhQ==",
      "dependencies": {
        "@babel/runtime": "^7.18.3",
        "@polkadot/wasm-bridge": "6.1.5",
        "@polkadot/wasm-crypto-asmjs": "6.1.5",
        "@polkadot/wasm-crypto-wasm": "6.1.5"
      },
      "engines": {
        "node": ">=14.0.0"
      },
      "peerDependencies": {
        "@polkadot/util": "*"
      }
    },
    "node_modules/@polkadot/wasm-crypto-wasm": {
      "version": "6.1.5",
      "resolved": "https://registry.npmjs.org/@polkadot/wasm-crypto-wasm/-/wasm-crypto-wasm-6.1.5.tgz",
      "integrity": "sha512-YKriV8xUnnNVCykB0c1r0JEQgGPmgPMsEfHLzKhUeE415vkj3UcfcgXuOXVSEXKqgeoCLkvlY5OL3yb3Fg+Xbw==",
      "dependencies": {
        "@babel/runtime": "^7.18.3",
        "@polkadot/wasm-util": "6.1.5"
      },
      "engines": {
        "node": ">=14.0.0"
      },
      "peerDependencies": {
        "@polkadot/util": "*"
      }
    },
    "node_modules/@polkadot/wasm-util": {
      "version": "6.1.5",
      "resolved": "https://registry.npmjs.org/@polkadot/wasm-util/-/wasm-util-6.1.5.tgz",
      "integrity": "sha512-5OH31mz8/Ly50fNOQ6eGFcO8OtLLyTvaoJPqUmcdl6OI+1+8GLoZMoXyRdrhWjftqQFxiJnwvlpqq6VdNVDg6g==",
      "dependencies": {
        "@babel/runtime": "^7.18.3"
      },
      "engines": {
        "node": ">=14.0.0"
      },
      "peerDependencies": {
        "@polkadot/util": "*"
      }
    },
    "node_modules/@polkadot/x-bigint": {
      "version": "9.6.2",
      "resolved": "https://registry.npmjs.org/@polkadot/x-bigint/-/x-bigint-9.6.2.tgz",
      "integrity": "sha512-p2PAx5uJM4zGhbDCEMiFbeOndP8bnzdEdvB4aP17o4AQ8iHM/TrhiOMD7xYeUtMpc0TP+Z6X0ZRqsAt4jBzoRg==",
      "dependencies": {
        "@babel/runtime": "^7.18.3",
        "@polkadot/x-global": "9.6.2"
      },
      "engines": {
        "node": ">=14.0.0"
      }
    },
    "node_modules/@polkadot/x-global": {
      "version": "9.6.2",
      "resolved": "https://registry.npmjs.org/@polkadot/x-global/-/x-global-9.6.2.tgz",
      "integrity": "sha512-cbrNeMK6vPEWh2EbLU+hUOERkOAToZ7o2wYYS+ZNdunvUFL9wERB9Uj6JQDAebGD3ZCNHEpMbj6U1WEffiwq9A==",
      "dependencies": {
        "@babel/runtime": "^7.18.3"
      },
      "engines": {
        "node": ">=14.0.0"
      }
    },
    "node_modules/@polkadot/x-randomvalues": {
      "version": "9.6.2",
      "resolved": "https://registry.npmjs.org/@polkadot/x-randomvalues/-/x-randomvalues-9.6.2.tgz",
      "integrity": "sha512-GuyTYTkKK6MLPcfWX3rKRze3nUYjdRYWK1PKscslRp0Qq4LBTkroqlE7SMTt8Bh7DYH+0fWN2CmHGdv2oEUq9A==",
      "dependencies": {
        "@babel/runtime": "^7.18.3",
        "@polkadot/x-global": "9.6.2"
      },
      "engines": {
        "node": ">=14.0.0"
      }
    },
    "node_modules/@polkadot/x-textdecoder": {
      "version": "9.6.2",
      "resolved": "https://registry.npmjs.org/@polkadot/x-textdecoder/-/x-textdecoder-9.6.2.tgz",
      "integrity": "sha512-nWd2sWU7vjUON4FSd6B2aSYmgkooYf1V+kjTPs8uV/PN6KMc6qJInrt4U1vnOvM8wX5+4gvLDs72AVxnFmVRAA==",
      "dependencies": {
        "@babel/runtime": "^7.18.3",
        "@polkadot/x-global": "9.6.2"
      },
      "engines": {
        "node": ">=14.0.0"
      }
    },
    "node_modules/@polkadot/x-textencoder": {
      "version": "9.6.2",
      "resolved": "https://registry.npmjs.org/@polkadot/x-textencoder/-/x-textencoder-9.6.2.tgz",
      "integrity": "sha512-T+ZsR2cVJxmpN6VB4u3BoWCg3fUlXHPNGCZSGXZdH2+dljIQl6MXqe+mHd5jknGvyBWCrJ0ijqoSOtLeP88MhA==",
      "dependencies": {
        "@babel/runtime": "^7.18.3",
        "@polkadot/x-global": "9.6.2"
      },
      "engines": {
        "node": ">=14.0.0"
      }
    },
    "node_modules/@scure/base": {
      "version": "1.1.1",
      "resolved": "https://registry.npmjs.org/@scure/base/-/base-1.1.1.tgz",
      "integrity": "sha512-ZxOhsSyxYwLJj3pLZCefNitxsj093tb2vq90mp2txoYeBqbcjDjqFhyM8eUjq/uFm6zJ+mUuqxlS2FkuSY1MTA==",
      "funding": [
        {
          "type": "individual",
          "url": "https://paulmillr.com/funding/"
        }
      ]
    },
    "node_modules/@substrate/ss58-registry": {
      "version": "1.23.0",
      "resolved": "https://registry.npmjs.org/@substrate/ss58-registry/-/ss58-registry-1.23.0.tgz",
      "integrity": "sha512-LuQje7n48GXSsp1aGI6UEmNVtlh7OzQ6CN1Hd9VGUrshADwMB0lRZ5bxnffmqDR4vVugI7h0NN0AONhIW1eHGg=="
    },
    "node_modules/@types/bn.js": {
      "version": "5.1.0",
      "resolved": "https://registry.npmjs.org/@types/bn.js/-/bn.js-5.1.0.tgz",
      "integrity": "sha512-QSSVYj7pYFN49kW77o2s9xTCwZ8F2xLbjLLSEVh8D2F4JUhZtPAGOFLTD+ffqksBx/u4cE/KImFjyhqCjn/LIA==",
      "dependencies": {
        "@types/node": "*"
      }
    },
    "node_modules/@types/node": {
      "version": "18.0.0",
      "resolved": "https://registry.npmjs.org/@types/node/-/node-18.0.0.tgz",
      "integrity": "sha512-cHlGmko4gWLVI27cGJntjs/Sj8th9aYwplmZFwmmgYQQvL5NUsgVJG7OddLvNfLqYS31KFN0s3qlaD9qCaxACA=="
    },
    "node_modules/bn.js": {
      "version": "5.2.1",
      "resolved": "https://registry.npmjs.org/bn.js/-/bn.js-5.2.1.tgz",
      "integrity": "sha512-eXRvHzWyYPBuB4NBy0cmYQjGitUrtqwbvlzP3G6VFnNRbsZQIxQ10PbKKHt8gZ/HW/D/747aDl+QkDqg3KQLMQ=="
    },
    "node_modules/ed2curve": {
      "version": "0.3.0",
      "resolved": "https://registry.npmjs.org/ed2curve/-/ed2curve-0.3.0.tgz",
      "integrity": "sha512-8w2fmmq3hv9rCrcI7g9hms2pMunQr1JINfcjwR9tAyZqhtyaMN991lF/ZfHfr5tzZQ8c7y7aBgZbjfbd0fjFwQ==",
      "dependencies": {
        "tweetnacl": "1.x.x"
      }
    },
    "node_modules/ip-regex": {
      "version": "4.3.0",
      "resolved": "https://registry.npmjs.org/ip-regex/-/ip-regex-4.3.0.tgz",
      "integrity": "sha512-B9ZWJxHHOHUhUjCPrMpLD4xEq35bUTClHM1S6CBU5ixQnkZmwipwgc96vAd7AAGM9TGHvJR+Uss+/Ak6UphK+Q==",
      "engines": {
        "node": ">=8"
      }
    },
    "node_modules/regenerator-runtime": {
      "version": "0.13.9",
      "resolved": "https://registry.npmjs.org/regenerator-runtime/-/regenerator-runtime-0.13.9.tgz",
      "integrity": "sha512-p3VT+cOEgxFsRRA9X4lkI1E+k2/CtnKtU4gcxyaCUreilL/vqI6CdZ3wxVUx3UOUg+gnUOQQcRI7BmSI656MYA=="
    },
    "node_modules/rxjs": {
      "version": "7.5.5",
      "resolved": "https://registry.npmjs.org/rxjs/-/rxjs-7.5.5.tgz",
      "integrity": "sha512-sy+H0pQofO95VDmFLzyaw9xNJU4KTRSwQIGM6+iG3SypAtCiLDzpeG8sJrNCWn2Up9km+KhkvTdbkrdy+yzZdw==",
      "dependencies": {
        "tslib": "^2.1.0"
      }
    },
    "node_modules/tslib": {
      "version": "2.4.0",
      "resolved": "https://registry.npmjs.org/tslib/-/tslib-2.4.0.tgz",
      "integrity": "sha512-d6xOpEDfsi2CZVlPQzGeux8XMwLT9hssAsaPYExaQMuYskwb+x1x7J371tWlbBdWHroy99KnVB6qIkUbs5X3UQ=="
    },
    "node_modules/tweetnacl": {
      "version": "1.0.3",
      "resolved": "https://registry.npmjs.org/tweetnacl/-/tweetnacl-1.0.3.tgz",
      "integrity": "sha512-6rt+RN7aOi1nGMyC4Xa5DdYiukl2UWCbcJft7YhxReBGQD7OAM8Pbxw6YMo4r2diNEA8FEmu32YOn9rhaiE5yw=="
    }
  },
  "dependencies": {
    "@babel/runtime": {
      "version": "7.18.6",
      "resolved": "https://registry.npmjs.org/@babel/runtime/-/runtime-7.18.6.tgz",
      "integrity": "sha512-t9wi7/AW6XtKahAe20Yw0/mMljKq0B1r2fPdvaAdV/KPDZewFXdaaa6K7lxmZBZ8FBNpCiAT6iHPmd6QO9bKfQ==",
      "requires": {
        "regenerator-runtime": "^0.13.4"
      }
    },
    "@noble/hashes": {
      "version": "1.1.2",
      "resolved": "https://registry.npmjs.org/@noble/hashes/-/hashes-1.1.2.tgz",
      "integrity": "sha512-KYRCASVTv6aeUi1tsF8/vpyR7zpfs3FUzy2Jqm+MU+LmUKhQ0y2FpfwqkCcxSg2ua4GALJd8k2R76WxwZGbQpA=="
    },
    "@noble/secp256k1": {
      "version": "1.6.0",
      "resolved": "https://registry.npmjs.org/@noble/secp256k1/-/secp256k1-1.6.0.tgz",
      "integrity": "sha512-DWSsg8zMHOYMYBqIQi96BQuthZrp98LCeMNcUOaffCIVYQ5yxDbNikLF+H7jEnmNNmXbtVic46iCuVWzar+MgA=="
    },
    "@polkadot/keyring": {
      "version": "9.6.2",
      "resolved": "https://registry.npmjs.org/@polkadot/keyring/-/keyring-9.6.2.tgz",
      "integrity": "sha512-xcFx0m01G4jcYqEPJQQqF7Dn62x180G4TXaBR4iOTrjvNwmxx4PgIXN2DodHezb1dJLNSE0lu89OasID/dNNxA==",
      "requires": {
        "@babel/runtime": "^7.18.3",
        "@polkadot/util": "9.6.2",
        "@polkadot/util-crypto": "9.6.2"
      }
    },
    "@polkadot/networks": {
      "version": "9.6.2",
      "resolved": "https://registry.npmjs.org/@polkadot/networks/-/networks-9.6.2.tgz",
      "integrity": "sha512-zTQkZGRSvgrj/XH1vUz1y1kZOhxT9qUn3T1BfMclbSBdyb+ugI+KLZhYffzfbl1YkQPyrR4MTpueHK40SjGaHg==",
      "requires": {
        "@babel/runtime": "^7.18.3",
        "@polkadot/util": "9.6.2",
        "@substrate/ss58-registry": "^1.22.0"
      }
    },
    "@polkadot/types": {
      "version": "8.10.1",
      "resolved": "https://registry.npmjs.org/@polkadot/types/-/types-8.10.1.tgz",
      "integrity": "sha512-ypmaYui+cF8T83X+8vfTPAcTGL+bWuwNWT87+Dodtr486+QeTpvJK/XrkuNIY1NjEHPxFZlQQ9LA62S9S0PFYA==",
      "requires": {
        "@babel/runtime": "^7.18.3",
        "@polkadot/keyring": "^9.6.2",
        "@polkadot/types-augment": "8.10.1",
        "@polkadot/types-codec": "8.10.1",
        "@polkadot/types-create": "8.10.1",
        "@polkadot/util": "^9.6.2",
        "@polkadot/util-crypto": "^9.6.2",
        "rxjs": "^7.5.5"
      }
    },
    "@polkadot/types-augment": {
      "version": "8.10.1",
      "resolved": "https://registry.npmjs.org/@polkadot/types-augment/-/types-augment-8.10.1.tgz",
      "integrity": "sha512-66TbDON42R0YN22gErJ1Tdg0UTTZyuWebkZe34KpQzOyDNu/gZdeEOM/AsBHhhReURyAbkCB/kBQQtUcCICPyA==",
      "requires": {
        "@babel/runtime": "^7.18.3",
        "@polkadot/types": "8.10.1",
        "@polkadot/types-codec": "8.10.1",
        "@polkadot/util": "^9.6.2"
      }
    },
    "@polkadot/types-codec": {
      "version": "8.10.1",
      "resolved": "https://registry.npmjs.org/@polkadot/types-codec/-/types-codec-8.10.1.tgz",
      "integrity": "sha512-AgDEjc6Fv/qPhLEqvsTtPQqkWGG3z+nNNEjQuPb0+iLqHY8NUTcd3yib60TnWCnd1+KNZmXZrryKWhpGejYvlA==",
      "requires": {
        "@babel/runtime": "^7.18.3",
        "@polkadot/util": "^9.6.2",
        "@polkadot/x-bigint": "^9.6.2"
      }
    },
    "@polkadot/types-create": {
      "version": "8.10.1",
      "resolved": "https://registry.npmjs.org/@polkadot/types-create/-/types-create-8.10.1.tgz",
      "integrity": "sha512-frS98PSA6N1yS4R9/wK8dSe3GFZm+rsYAMXms2hEqzvXXVYle7tNO/ckMp2/hfat4L1pGCXStb70lv07oPuX+A==",
      "requires": {
        "@babel/runtime": "^7.18.3",
        "@polkadot/types-codec": "8.10.1",
        "@polkadot/util": "^9.6.2"
      }
    },
    "@polkadot/util": {
      "version": "9.6.2",
      "resolved": "https://registry.npmjs.org/@polkadot/util/-/util-9.6.2.tgz",
      "integrity": "sha512-ebK46kEsXfzqUgaPVbVOZepHtVJR2qd9FHTLBPcoXR601y6IuqCHkp0hMkrD3Cdi5AWAd0a7h84c1/Oj5q3SnA==",
      "requires": {
        "@babel/runtime": "^7.18.3",
        "@polkadot/x-bigint": "9.6.2",
        "@polkadot/x-global": "9.6.2",
        "@polkadot/x-textdecoder": "9.6.2",
        "@polkadot/x-textencoder": "9.6.2",
        "@types/bn.js": "^5.1.0",
        "bn.js": "^5.2.1",
        "ip-regex": "^4.3.0"
      }
    },
    "@polkadot/util-crypto": {
      "version": "9.6.2",
      "resolved": "https://registry.npmjs.org/@polkadot/util-crypto/-/util-crypto-9.6.2.tgz",
      "integrity": "sha512-ptr4RnVevjW5Sel3JjLJUaT1YmG04zeof4hddJJuQ/H8S/WIkv4uRgT9lkjw54U/DB+qS44XO/uIGMlR7BtLQg==",
      "requires": {
        "@babel/runtime": "^7.18.3",
        "@noble/hashes": "1.1.2",
        "@noble/secp256k1": "1.6.0",
        "@polkadot/networks": "9.6.2",
        "@polkadot/util": "9.6.2",
        "@polkadot/wasm-crypto": "^6.1.5",
        "@polkadot/x-bigint": "9.6.2",
        "@polkadot/x-randomvalues": "9.6.2",
        "@scure/base": "1.1.1",
        "ed2curve": "^0.3.0",
        "tweetnacl": "^1.0.3"
      }
    },
    "@polkadot/wasm-bridge": {
      "version": "6.1.5",
      "resolved": "https://registry.npmjs.org/@polkadot/wasm-bridge/-/wasm-bridge-6.1.5.tgz",
      "integrity": "sha512-nqxhJQTjw5P3yEY1Cd9g86GvpY/PHD3h74dszaBOg5GVPE53G18AKehb5I8daSpOHVKsItKK1n8xstxZTVI0Hg==",
      "requires": {
        "@babel/runtime": "^7.18.3"
      }
    },
    "@polkadot/wasm-crypto": {
      "version": "6.1.5",
      "resolved": "https://registry.npmjs.org/@polkadot/wasm-crypto/-/wasm-crypto-6.1.5.tgz",
      "integrity": "sha512-P4MIVE0RJm+Ar0qbOFFtEvA9fkrcmu4KI929k/XiWOqqKuLogwNjZcZiWZYLG7pDIXeHciAy65nIUpV2nr0D+Q==",
      "requires": {
        "@babel/runtime": "^7.18.3",
        "@polkadot/wasm-bridge": "6.1.5",
        "@polkadot/wasm-crypto-asmjs": "6.1.5",
        "@polkadot/wasm-crypto-init": "6.1.5",
        "@polkadot/wasm-crypto-wasm": "6.1.5",
        "@polkadot/wasm-util": "6.1.5"
      }
    },
    "@polkadot/wasm-crypto-asmjs": {
      "version": "6.1.5",
      "resolved": "https://registry.npmjs.org/@polkadot/wasm-crypto-asmjs/-/wasm-crypto-asmjs-6.1.5.tgz",
      "integrity": "sha512-GsVIe+fjJ2sHfrjtqSLV0tP6nClF/7/QXZd+BAWomVMCVcR35OIrkNK2giDzlCqaTP+MiCb/UF3phrU4wsHV4Q==",
      "requires": {
        "@babel/runtime": "^7.18.3"
      }
    },
    "@polkadot/wasm-crypto-init": {
      "version": "6.1.5",
      "resolved": "https://registry.npmjs.org/@polkadot/wasm-crypto-init/-/wasm-crypto-init-6.1.5.tgz",
      "integrity": "sha512-VkBNc4cEkQ9YWAKLGW2ve2HV56GBHii3Xy4QYV+8OFYiOUbBMDVmuAvjlCjxiwa8nUxLzgCIz0HqqUx2YzxkhQ==",
      "requires": {
        "@babel/runtime": "^7.18.3",
        "@polkadot/wasm-bridge": "6.1.5",
        "@polkadot/wasm-crypto-asmjs": "6.1.5",
        "@polkadot/wasm-crypto-wasm": "6.1.5"
      }
    },
    "@polkadot/wasm-crypto-wasm": {
      "version": "6.1.5",
      "resolved": "https://registry.npmjs.org/@polkadot/wasm-crypto-wasm/-/wasm-crypto-wasm-6.1.5.tgz",
      "integrity": "sha512-YKriV8xUnnNVCykB0c1r0JEQgGPmgPMsEfHLzKhUeE415vkj3UcfcgXuOXVSEXKqgeoCLkvlY5OL3yb3Fg+Xbw==",
      "requires": {
        "@babel/runtime": "^7.18.3",
        "@polkadot/wasm-util": "6.1.5"
      }
    },
    "@polkadot/wasm-util": {
      "version": "6.1.5",
      "resolved": "https://registry.npmjs.org/@polkadot/wasm-util/-/wasm-util-6.1.5.tgz",
      "integrity": "sha512-5OH31mz8/Ly50fNOQ6eGFcO8OtLLyTvaoJPqUmcdl6OI+1+8GLoZMoXyRdrhWjftqQFxiJnwvlpqq6VdNVDg6g==",
      "requires": {
        "@babel/runtime": "^7.18.3"
      }
    },
    "@polkadot/x-bigint": {
      "version": "9.6.2",
      "resolved": "https://registry.npmjs.org/@polkadot/x-bigint/-/x-bigint-9.6.2.tgz",
      "integrity": "sha512-p2PAx5uJM4zGhbDCEMiFbeOndP8bnzdEdvB4aP17o4AQ8iHM/TrhiOMD7xYeUtMpc0TP+Z6X0ZRqsAt4jBzoRg==",
      "requires": {
        "@babel/runtime": "^7.18.3",
        "@polkadot/x-global": "9.6.2"
      }
    },
    "@polkadot/x-global": {
      "version": "9.6.2",
      "resolved": "https://registry.npmjs.org/@polkadot/x-global/-/x-global-9.6.2.tgz",
      "integrity": "sha512-cbrNeMK6vPEWh2EbLU+hUOERkOAToZ7o2wYYS+ZNdunvUFL9wERB9Uj6JQDAebGD3ZCNHEpMbj6U1WEffiwq9A==",
      "requires": {
        "@babel/runtime": "^7.18.3"
      }
    },
    "@polkadot/x-randomvalues": {
      "version": "9.6.2",
      "resolved": "https://registry.npmjs.org/@polkadot/x-randomvalues/-/x-randomvalues-9.6.2.tgz",
      "integrity": "sha512-GuyTYTkKK6MLPcfWX3rKRze3nUYjdRYWK1PKscslRp0Qq4LBTkroqlE7SMTt8Bh7DYH+0fWN2CmHGdv2oEUq9A==",
      "requires": {
        "@babel/runtime": "^7.18.3",
        "@polkadot/x-global": "9.6.2"
      }
    },
    "@polkadot/x-textdecoder": {
      "version": "9.6.2",
      "resolved": "https://registry.npmjs.org/@polkadot/x-textdecoder/-/x-textdecoder-9.6.2.tgz",
      "integrity": "sha512-nWd2sWU7vjUON4FSd6B2aSYmgkooYf1V+kjTPs8uV/PN6KMc6qJInrt4U1vnOvM8wX5+4gvLDs72AVxnFmVRAA==",
      "requires": {
        "@babel/runtime": "^7.18.3",
        "@polkadot/x-global": "9.6.2"
      }
    },
    "@polkadot/x-textencoder": {
      "version": "9.6.2",
      "resolved": "https://registry.npmjs.org/@polkadot/x-textencoder/-/x-textencoder-9.6.2.tgz",
      "integrity": "sha512-T+ZsR2cVJxmpN6VB4u3BoWCg3fUlXHPNGCZSGXZdH2+dljIQl6MXqe+mHd5jknGvyBWCrJ0ijqoSOtLeP88MhA==",
      "requires": {
        "@babel/runtime": "^7.18.3",
        "@polkadot/x-global": "9.6.2"
      }
    },
    "@scure/base": {
      "version": "1.1.1",
      "resolved": "https://registry.npmjs.org/@scure/base/-/base-1.1.1.tgz",
      "integrity": "sha512-ZxOhsSyxYwLJj3pLZCefNitxsj093tb2vq90mp2txoYeBqbcjDjqFhyM8eUjq/uFm6zJ+mUuqxlS2FkuSY1MTA=="
    },
    "@substrate/ss58-registry": {
      "version": "1.23.0",
      "resolved": "https://registry.npmjs.org/@substrate/ss58-registry/-/ss58-registry-1.23.0.tgz",
      "integrity": "sha512-LuQje7n48GXSsp1aGI6UEmNVtlh7OzQ6CN1Hd9VGUrshADwMB0lRZ5bxnffmqDR4vVugI7h0NN0AONhIW1eHGg=="
    },
    "@types/bn.js": {
      "version": "5.1.0",
      "resolved": "https://registry.npmjs.org/@types/bn.js/-/bn.js-5.1.0.tgz",
      "integrity": "sha512-QSSVYj7pYFN49kW77o2s9xTCwZ8F2xLbjLLSEVh8D2F4JUhZtPAGOFLTD+ffqksBx/u4cE/KImFjyhqCjn/LIA==",
      "requires": {
        "@types/node": "*"
      }
    },
    "@types/node": {
      "version": "18.0.0",
      "resolved": "https://registry.npmjs.org/@types/node/-/node-18.0.0.tgz",
      "integrity": "sha512-cHlGmko4gWLVI27cGJntjs/Sj8th9aYwplmZFwmmgYQQvL5NUsgVJG7OddLvNfLqYS31KFN0s3qlaD9qCaxACA=="
    },
    "bn.js": {
      "version": "5.2.1",
      "resolved": "https://registry.npmjs.org/bn.js/-/bn.js-5.2.1.tgz",
      "integrity": "sha512-eXRvHzWyYPBuB4NBy0cmYQjGitUrtqwbvlzP3G6VFnNRbsZQIxQ10PbKKHt8gZ/HW/D/747aDl+QkDqg3KQLMQ=="
    },
    "ed2curve": {
      "version": "0.3.0",
      "resolved": "https://registry.npmjs.org/ed2curve/-/ed2curve-0.3.0.tgz",
      "integrity": "sha512-8w2fmmq3hv9rCrcI7g9hms2pMunQr1JINfcjwR9tAyZqhtyaMN991lF/ZfHfr5tzZQ8c7y7aBgZbjfbd0fjFwQ==",
      "requires": {
        "tweetnacl": "1.x.x"
      }
    },
    "ip-regex": {
      "version": "4.3.0",
      "resolved": "https://registry.npmjs.org/ip-regex/-/ip-regex-4.3.0.tgz",
      "integrity": "sha512-B9ZWJxHHOHUhUjCPrMpLD4xEq35bUTClHM1S6CBU5ixQnkZmwipwgc96vAd7AAGM9TGHvJR+Uss+/Ak6UphK+Q=="
    },
    "regenerator-runtime": {
      "version": "0.13.9",
      "resolved": "https://registry.npmjs.org/regenerator-runtime/-/regenerator-runtime-0.13.9.tgz",
      "integrity": "sha512-p3VT+cOEgxFsRRA9X4lkI1E+k2/CtnKtU4gcxyaCUreilL/vqI6CdZ3wxVUx3UOUg+gnUOQQcRI7BmSI656MYA=="
    },
    "rxjs": {
      "version": "7.5.5",
      "resolved": "https://registry.npmjs.org/rxjs/-/rxjs-7.5.5.tgz",
      "integrity": "sha512-sy+H0pQofO95VDmFLzyaw9xNJU4KTRSwQIGM6+iG3SypAtCiLDzpeG8sJrNCWn2Up9km+KhkvTdbkrdy+yzZdw==",
      "requires": {
        "tslib": "^2.1.0"
      }
    },
    "tslib": {
      "version": "2.4.0",
      "resolved": "https://registry.npmjs.org/tslib/-/tslib-2.4.0.tgz",
      "integrity": "sha512-d6xOpEDfsi2CZVlPQzGeux8XMwLT9hssAsaPYExaQMuYskwb+x1x7J371tWlbBdWHroy99KnVB6qIkUbs5X3UQ=="
    },
    "tweetnacl": {
      "version": "1.0.3",
      "resolved": "https://registry.npmjs.org/tweetnacl/-/tweetnacl-1.0.3.tgz",
      "integrity": "sha512-6rt+RN7aOi1nGMyC4Xa5DdYiukl2UWCbcJft7YhxReBGQD7OAM8Pbxw6YMo4r2diNEA8FEmu32YOn9rhaiE5yw=="
    }
  }
}
