{
  "nodes": {
    "flake-utils": {
      "locked": {
        "lastModified": 1656065134,
        "narHash": "sha256-oc6E6ByIw3oJaIyc67maaFcnjYOz1mMcOtHxbEf9NwQ=",
        "owner": "numtide",
        "repo": "flake-utils",
        "rev": "bee6a7250dd1b01844a2de7e02e4df7d8a0a206c",
        "type": "github"
      },
      "original": {
        "owner": "numtide",
        "repo": "flake-utils",
        "type": "github"
      }
    },
    "nixpkgs": {
      "locked": {
        "lastModified": 1653574188,
        "narHash": "sha256-f8Bih8guZ0lFM2bwSHkhgldLTQBtS0wx3gQn8/1smfk=",
        "owner": "NixOS",
        "repo": "nixpkgs",
        "rev": "60ddbcfc9e5f02f97564fa01a5646b62d82e0756",
        "type": "github"
      },
      "original": {
        "owner": "NixOS",
        "repo": "nixpkgs",
        "rev": "60ddbcfc9e5f02f97564fa01a5646b62d82e0756",
        "type": "github"
      }
    },
    "nixpkgs-unstable": {
      "locked": {
        "lastModified": 1655983783,
        "narHash": "sha256-0h1FzkYWei24IdKNpCX93onkF/FMiXQG8SdEbTc0r8A=",
        "owner": "NixOS",
        "repo": "nixpkgs",
        "rev": "6141b8932a5cf376fe18fcd368cecd9ad946cb68",
        "type": "github"
      },
      "original": {
        "id": "nixpkgs",
        "ref": "nixos-unstable",
        "type": "indirect"
      }
    },
    "root": {
      "inputs": {
        "flake-utils": "flake-utils",
        "nixpkgs": "nixpkgs",
        "nixpkgs-unstable": "nixpkgs-unstable"
      }
    }
  },
  "root": "root",
  "version": 7
}
